
Microsoft Visual Studio Solution File, Format Version 12.00
# Visual Studio Version 16
VisualStudioVersion = 16.0.29926.136
MinimumVisualStudioVersion = 10.0.40219.1
Project("{FAE04EC0-301F-11D3-BF4B-00C04F79EFBC}") = "przyklad2.16", "przyklad2.16.csproj", "{C2AEEA7D-03FD-4204-99EC-AB2B6ACD89A1}"
EndProject
Global
	GlobalSection(SolutionConfigurationPlatforms) = preSolution
		Debug|Any CPU = Debug|Any CPU
		Release|Any CPU = Release|Any CPU
	EndGlobalSection
	GlobalSection(ProjectConfigurationPlatforms) = postSolution
		{C2AEEA7D-03FD-4204-99EC-AB2B6ACD89A1}.Debug|Any CPU.ActiveCfg = Debug|Any CPU
		{C2AEEA7D-03FD-4204-99EC-AB2B6ACD89A1}.Debug|Any CPU.Build.0 = Debug|Any CPU
		{C2AEEA7D-03FD-4204-99EC-AB2B6ACD89A1}.Release|Any CPU.ActiveCfg = Release|Any CPU
		{C2AEEA7D-03FD-4204-99EC-AB2B6ACD89A1}.Release|Any CPU.Build.0 = Release|Any CPU
	EndGlobalSection
	GlobalSection(SolutionProperties) = preSolution
		HideSolutionNode = FALSE
	EndGlobalSection
	GlobalSection(ExtensibilityGlobals) = postSolution
		SolutionGuid = {D820E0FE-3425-413C-A8B6-7D2947A4091F}
	EndGlobalSection
EndGlobal
