
Microsoft Visual Studio Solution File, Format Version 12.00
# Visual Studio Version 16
VisualStudioVersion = 16.0.29926.136
MinimumVisualStudioVersion = 10.0.40219.1
Project("{FAE04EC0-301F-11D3-BF4B-00C04F79EFBC}") = "2.18", "2.18.csproj", "{06F667D3-4076-46B9-8DF2-04CB74D83597}"
EndProject
Global
	GlobalSection(SolutionConfigurationPlatforms) = preSolution
		Debug|Any CPU = Debug|Any CPU
		Release|Any CPU = Release|Any CPU
	EndGlobalSection
	GlobalSection(ProjectConfigurationPlatforms) = postSolution
		{06F667D3-4076-46B9-8DF2-04CB74D83597}.Debug|Any CPU.ActiveCfg = Debug|Any CPU
		{06F667D3-4076-46B9-8DF2-04CB74D83597}.Debug|Any CPU.Build.0 = Debug|Any CPU
		{06F667D3-4076-46B9-8DF2-04CB74D83597}.Release|Any CPU.ActiveCfg = Release|Any CPU
		{06F667D3-4076-46B9-8DF2-04CB74D83597}.Release|Any CPU.Build.0 = Release|Any CPU
	EndGlobalSection
	GlobalSection(SolutionProperties) = preSolution
		HideSolutionNode = FALSE
	EndGlobalSection
	GlobalSection(ExtensibilityGlobals) = postSolution
		SolutionGuid = {69B3A792-65C4-4389-B5BC-8CEFB4E617ED}
	EndGlobalSection
EndGlobal
