
Microsoft Visual Studio Solution File, Format Version 12.00
# Visual Studio Version 16
VisualStudioVersion = 16.0.29926.136
MinimumVisualStudioVersion = 10.0.40219.1
Project("{FAE04EC0-301F-11D3-BF4B-00C04F79EFBC}") = "zadanie2.8", "zadanie2.8.csproj", "{AF380527-CE5A-4A68-A154-B629224973A5}"
EndProject
Global
	GlobalSection(SolutionConfigurationPlatforms) = preSolution
		Debug|Any CPU = Debug|Any CPU
		Release|Any CPU = Release|Any CPU
	EndGlobalSection
	GlobalSection(ProjectConfigurationPlatforms) = postSolution
		{AF380527-CE5A-4A68-A154-B629224973A5}.Debug|Any CPU.ActiveCfg = Debug|Any CPU
		{AF380527-CE5A-4A68-A154-B629224973A5}.Debug|Any CPU.Build.0 = Debug|Any CPU
		{AF380527-CE5A-4A68-A154-B629224973A5}.Release|Any CPU.ActiveCfg = Release|Any CPU
		{AF380527-CE5A-4A68-A154-B629224973A5}.Release|Any CPU.Build.0 = Release|Any CPU
	EndGlobalSection
	GlobalSection(SolutionProperties) = preSolution
		HideSolutionNode = FALSE
	EndGlobalSection
	GlobalSection(ExtensibilityGlobals) = postSolution
		SolutionGuid = {48D09779-2B45-4E1A-A69E-9B35AC4A8DDF}
	EndGlobalSection
EndGlobal
