
Microsoft Visual Studio Solution File, Format Version 12.00
# Visual Studio Version 16
VisualStudioVersion = 16.0.29926.136
MinimumVisualStudioVersion = 10.0.40219.1
Project("{FAE04EC0-301F-11D3-BF4B-00C04F79EFBC}") = "program2", "program2.csproj", "{883FFAEF-E361-4C55-93BB-12673B0D08BC}"
EndProject
Global
	GlobalSection(SolutionConfigurationPlatforms) = preSolution
		Debug|Any CPU = Debug|Any CPU
		Release|Any CPU = Release|Any CPU
	EndGlobalSection
	GlobalSection(ProjectConfigurationPlatforms) = postSolution
		{883FFAEF-E361-4C55-93BB-12673B0D08BC}.Debug|Any CPU.ActiveCfg = Debug|Any CPU
		{883FFAEF-E361-4C55-93BB-12673B0D08BC}.Debug|Any CPU.Build.0 = Debug|Any CPU
		{883FFAEF-E361-4C55-93BB-12673B0D08BC}.Release|Any CPU.ActiveCfg = Release|Any CPU
		{883FFAEF-E361-4C55-93BB-12673B0D08BC}.Release|Any CPU.Build.0 = Release|Any CPU
	EndGlobalSection
	GlobalSection(SolutionProperties) = preSolution
		HideSolutionNode = FALSE
	EndGlobalSection
	GlobalSection(ExtensibilityGlobals) = postSolution
		SolutionGuid = {B10A593F-B9C7-40DB-BEF3-5AA98FB8FD74}
	EndGlobalSection
EndGlobal
