
Microsoft Visual Studio Solution File, Format Version 12.00
# Visual Studio Version 16
VisualStudioVersion = 16.0.29926.136
MinimumVisualStudioVersion = 10.0.40219.1
Project("{FAE04EC0-301F-11D3-BF4B-00C04F79EFBC}") = "zadanie2.9e", "zadanie2.9e.csproj", "{73DBDF11-00DA-4AD3-86D0-C9F15E54CB4C}"
EndProject
Global
	GlobalSection(SolutionConfigurationPlatforms) = preSolution
		Debug|Any CPU = Debug|Any CPU
		Release|Any CPU = Release|Any CPU
	EndGlobalSection
	GlobalSection(ProjectConfigurationPlatforms) = postSolution
		{73DBDF11-00DA-4AD3-86D0-C9F15E54CB4C}.Debug|Any CPU.ActiveCfg = Debug|Any CPU
		{73DBDF11-00DA-4AD3-86D0-C9F15E54CB4C}.Debug|Any CPU.Build.0 = Debug|Any CPU
		{73DBDF11-00DA-4AD3-86D0-C9F15E54CB4C}.Release|Any CPU.ActiveCfg = Release|Any CPU
		{73DBDF11-00DA-4AD3-86D0-C9F15E54CB4C}.Release|Any CPU.Build.0 = Release|Any CPU
	EndGlobalSection
	GlobalSection(SolutionProperties) = preSolution
		HideSolutionNode = FALSE
	EndGlobalSection
	GlobalSection(ExtensibilityGlobals) = postSolution
		SolutionGuid = {36965913-BD83-4432-834D-C22F1DEF888B}
	EndGlobalSection
EndGlobal
