
Microsoft Visual Studio Solution File, Format Version 12.00
# Visual Studio Version 16
VisualStudioVersion = 16.0.29926.136
MinimumVisualStudioVersion = 10.0.40219.1
Project("{FAE04EC0-301F-11D3-BF4B-00C04F79EFBC}") = "program6", "program6.csproj", "{6DE2C323-0990-449F-AFBD-1E3541AF13EC}"
EndProject
Global
	GlobalSection(SolutionConfigurationPlatforms) = preSolution
		Debug|Any CPU = Debug|Any CPU
		Release|Any CPU = Release|Any CPU
	EndGlobalSection
	GlobalSection(ProjectConfigurationPlatforms) = postSolution
		{6DE2C323-0990-449F-AFBD-1E3541AF13EC}.Debug|Any CPU.ActiveCfg = Debug|Any CPU
		{6DE2C323-0990-449F-AFBD-1E3541AF13EC}.Debug|Any CPU.Build.0 = Debug|Any CPU
		{6DE2C323-0990-449F-AFBD-1E3541AF13EC}.Release|Any CPU.ActiveCfg = Release|Any CPU
		{6DE2C323-0990-449F-AFBD-1E3541AF13EC}.Release|Any CPU.Build.0 = Release|Any CPU
	EndGlobalSection
	GlobalSection(SolutionProperties) = preSolution
		HideSolutionNode = FALSE
	EndGlobalSection
	GlobalSection(ExtensibilityGlobals) = postSolution
		SolutionGuid = {7315E073-C5D0-48E8-A009-BA59ED1CF9EB}
	EndGlobalSection
EndGlobal
