
Microsoft Visual Studio Solution File, Format Version 12.00
# Visual Studio Version 16
VisualStudioVersion = 16.0.29926.136
MinimumVisualStudioVersion = 10.0.40219.1
Project("{FAE04EC0-301F-11D3-BF4B-00C04F79EFBC}") = "program1", "program1.csproj", "{05DE0883-E4CE-4E72-8F5E-0019547E9A64}"
EndProject
Global
	GlobalSection(SolutionConfigurationPlatforms) = preSolution
		Debug|Any CPU = Debug|Any CPU
		Release|Any CPU = Release|Any CPU
	EndGlobalSection
	GlobalSection(ProjectConfigurationPlatforms) = postSolution
		{05DE0883-E4CE-4E72-8F5E-0019547E9A64}.Debug|Any CPU.ActiveCfg = Debug|Any CPU
		{05DE0883-E4CE-4E72-8F5E-0019547E9A64}.Debug|Any CPU.Build.0 = Debug|Any CPU
		{05DE0883-E4CE-4E72-8F5E-0019547E9A64}.Release|Any CPU.ActiveCfg = Release|Any CPU
		{05DE0883-E4CE-4E72-8F5E-0019547E9A64}.Release|Any CPU.Build.0 = Release|Any CPU
	EndGlobalSection
	GlobalSection(SolutionProperties) = preSolution
		HideSolutionNode = FALSE
	EndGlobalSection
	GlobalSection(ExtensibilityGlobals) = postSolution
		SolutionGuid = {CD7EFEBD-8A7E-4B1A-9993-62B5521C580C}
	EndGlobalSection
EndGlobal
